
Microsoft Visual Studio Solution File, Format Version 12.00
# Visual Studio 15
VisualStudioVersion = 15.0.27703.2026
MinimumVisualStudioVersion = 10.0.40219.1
Project("{FAE04EC0-301F-11D3-BF4B-00C04F79EFBC}") = "CityInfo.Api", "CityInfo.Api\CityInfo.Api.csproj", "{D5D25073-5FE7-4896-A54B-E50D4B56989A}"
EndProject
Global
	GlobalSection(SolutionConfigurationPlatforms) = preSolution
		Debug|Any CPU = Debug|Any CPU
		Release|Any CPU = Release|Any CPU
	EndGlobalSection
	GlobalSection(ProjectConfigurationPlatforms) = postSolution
		{D5D25073-5FE7-4896-A54B-E50D4B56989A}.Debug|Any CPU.ActiveCfg = Debug|Any CPU
		{D5D25073-5FE7-4896-A54B-E50D4B56989A}.Debug|Any CPU.Build.0 = Debug|Any CPU
		{D5D25073-5FE7-4896-A54B-E50D4B56989A}.Release|Any CPU.ActiveCfg = Release|Any CPU
		{D5D25073-5FE7-4896-A54B-E50D4B56989A}.Release|Any CPU.Build.0 = Release|Any CPU
	EndGlobalSection
	GlobalSection(SolutionProperties) = preSolution
		HideSolutionNode = FALSE
	EndGlobalSection
	GlobalSection(ExtensibilityGlobals) = postSolution
		SolutionGuid = {8343136F-5514-46F4-B406-3BF6630D189D}
	EndGlobalSection
EndGlobal
